
Microsoft Visual Studio Solution File, Format Version 12.00
# Visual Studio Version 16
VisualStudioVersion = 16.0.30114.105
MinimumVisualStudioVersion = 10.0.40219.1
Project("{FAE04EC0-301F-11D3-BF4B-00C04F79EFBC}") = "API", "API\API.csproj", "{9B5FABD8-54EB-4B81-AD78-B4B57F75A865}"
EndProject
Project("{FAE04EC0-301F-11D3-BF4B-00C04F79EFBC}") = "Persistence", "Persistence\Persistence.csproj", "{FC317679-F7D0-431A-AB89-3E81C670E8F5}"
EndProject
Project("{FAE04EC0-301F-11D3-BF4B-00C04F79EFBC}") = "Domain", "Domain\Domain.csproj", "{87EEB692-9D3D-4F81-9CAC-D802D31EDBBF}"
EndProject
Project("{FAE04EC0-301F-11D3-BF4B-00C04F79EFBC}") = "Application", "Application\Application.csproj", "{B111DC45-A2E9-453A-BA4F-D556EDEBEE24}"
EndProject
Global
	GlobalSection(SolutionConfigurationPlatforms) = preSolution
		Debug|Any CPU = Debug|Any CPU
		Debug|x64 = Debug|x64
		Debug|x86 = Debug|x86
		Release|Any CPU = Release|Any CPU
		Release|x64 = Release|x64
		Release|x86 = Release|x86
	EndGlobalSection
	GlobalSection(SolutionProperties) = preSolution
		HideSolutionNode = FALSE
	EndGlobalSection
	GlobalSection(ProjectConfigurationPlatforms) = postSolution
		{9B5FABD8-54EB-4B81-AD78-B4B57F75A865}.Debug|Any CPU.ActiveCfg = Debug|Any CPU
		{9B5FABD8-54EB-4B81-AD78-B4B57F75A865}.Debug|Any CPU.Build.0 = Debug|Any CPU
		{9B5FABD8-54EB-4B81-AD78-B4B57F75A865}.Debug|x64.ActiveCfg = Debug|Any CPU
		{9B5FABD8-54EB-4B81-AD78-B4B57F75A865}.Debug|x64.Build.0 = Debug|Any CPU
		{9B5FABD8-54EB-4B81-AD78-B4B57F75A865}.Debug|x86.ActiveCfg = Debug|Any CPU
		{9B5FABD8-54EB-4B81-AD78-B4B57F75A865}.Debug|x86.Build.0 = Debug|Any CPU
		{9B5FABD8-54EB-4B81-AD78-B4B57F75A865}.Release|Any CPU.ActiveCfg = Release|Any CPU
		{9B5FABD8-54EB-4B81-AD78-B4B57F75A865}.Release|Any CPU.Build.0 = Release|Any CPU
		{9B5FABD8-54EB-4B81-AD78-B4B57F75A865}.Release|x64.ActiveCfg = Release|Any CPU
		{9B5FABD8-54EB-4B81-AD78-B4B57F75A865}.Release|x64.Build.0 = Release|Any CPU
		{9B5FABD8-54EB-4B81-AD78-B4B57F75A865}.Release|x86.ActiveCfg = Release|Any CPU
		{9B5FABD8-54EB-4B81-AD78-B4B57F75A865}.Release|x86.Build.0 = Release|Any CPU
		{FC317679-F7D0-431A-AB89-3E81C670E8F5}.Debug|Any CPU.ActiveCfg = Debug|Any CPU
		{FC317679-F7D0-431A-AB89-3E81C670E8F5}.Debug|Any CPU.Build.0 = Debug|Any CPU
		{FC317679-F7D0-431A-AB89-3E81C670E8F5}.Debug|x64.ActiveCfg = Debug|Any CPU
		{FC317679-F7D0-431A-AB89-3E81C670E8F5}.Debug|x64.Build.0 = Debug|Any CPU
		{FC317679-F7D0-431A-AB89-3E81C670E8F5}.Debug|x86.ActiveCfg = Debug|Any CPU
		{FC317679-F7D0-431A-AB89-3E81C670E8F5}.Debug|x86.Build.0 = Debug|Any CPU
		{FC317679-F7D0-431A-AB89-3E81C670E8F5}.Release|Any CPU.ActiveCfg = Release|Any CPU
		{FC317679-F7D0-431A-AB89-3E81C670E8F5}.Release|Any CPU.Build.0 = Release|Any CPU
		{FC317679-F7D0-431A-AB89-3E81C670E8F5}.Release|x64.ActiveCfg = Release|Any CPU
		{FC317679-F7D0-431A-AB89-3E81C670E8F5}.Release|x64.Build.0 = Release|Any CPU
		{FC317679-F7D0-431A-AB89-3E81C670E8F5}.Release|x86.ActiveCfg = Release|Any CPU
		{FC317679-F7D0-431A-AB89-3E81C670E8F5}.Release|x86.Build.0 = Release|Any CPU
		{87EEB692-9D3D-4F81-9CAC-D802D31EDBBF}.Debug|Any CPU.ActiveCfg = Debug|Any CPU
		{87EEB692-9D3D-4F81-9CAC-D802D31EDBBF}.Debug|Any CPU.Build.0 = Debug|Any CPU
		{87EEB692-9D3D-4F81-9CAC-D802D31EDBBF}.Debug|x64.ActiveCfg = Debug|Any CPU
		{87EEB692-9D3D-4F81-9CAC-D802D31EDBBF}.Debug|x64.Build.0 = Debug|Any CPU
		{87EEB692-9D3D-4F81-9CAC-D802D31EDBBF}.Debug|x86.ActiveCfg = Debug|Any CPU
		{87EEB692-9D3D-4F81-9CAC-D802D31EDBBF}.Debug|x86.Build.0 = Debug|Any CPU
		{87EEB692-9D3D-4F81-9CAC-D802D31EDBBF}.Release|Any CPU.ActiveCfg = Release|Any CPU
		{87EEB692-9D3D-4F81-9CAC-D802D31EDBBF}.Release|Any CPU.Build.0 = Release|Any CPU
		{87EEB692-9D3D-4F81-9CAC-D802D31EDBBF}.Release|x64.ActiveCfg = Release|Any CPU
		{87EEB692-9D3D-4F81-9CAC-D802D31EDBBF}.Release|x64.Build.0 = Release|Any CPU
		{87EEB692-9D3D-4F81-9CAC-D802D31EDBBF}.Release|x86.ActiveCfg = Release|Any CPU
		{87EEB692-9D3D-4F81-9CAC-D802D31EDBBF}.Release|x86.Build.0 = Release|Any CPU
		{B111DC45-A2E9-453A-BA4F-D556EDEBEE24}.Debug|Any CPU.ActiveCfg = Debug|Any CPU
		{B111DC45-A2E9-453A-BA4F-D556EDEBEE24}.Debug|Any CPU.Build.0 = Debug|Any CPU
		{B111DC45-A2E9-453A-BA4F-D556EDEBEE24}.Debug|x64.ActiveCfg = Debug|Any CPU
		{B111DC45-A2E9-453A-BA4F-D556EDEBEE24}.Debug|x64.Build.0 = Debug|Any CPU
		{B111DC45-A2E9-453A-BA4F-D556EDEBEE24}.Debug|x86.ActiveCfg = Debug|Any CPU
		{B111DC45-A2E9-453A-BA4F-D556EDEBEE24}.Debug|x86.Build.0 = Debug|Any CPU
		{B111DC45-A2E9-453A-BA4F-D556EDEBEE24}.Release|Any CPU.ActiveCfg = Release|Any CPU
		{B111DC45-A2E9-453A-BA4F-D556EDEBEE24}.Release|Any CPU.Build.0 = Release|Any CPU
		{B111DC45-A2E9-453A-BA4F-D556EDEBEE24}.Release|x64.ActiveCfg = Release|Any CPU
		{B111DC45-A2E9-453A-BA4F-D556EDEBEE24}.Release|x64.Build.0 = Release|Any CPU
		{B111DC45-A2E9-453A-BA4F-D556EDEBEE24}.Release|x86.ActiveCfg = Release|Any CPU
		{B111DC45-A2E9-453A-BA4F-D556EDEBEE24}.Release|x86.Build.0 = Release|Any CPU
	EndGlobalSection
EndGlobal
